
Microsoft Visual Studio Solution File, Format Version 12.00
# Visual Studio Version 17
VisualStudioVersion = 17.0.31903.59
MinimumVisualStudioVersion = 10.0.40219.1
Project("{2150E333-8FDC-42A3-9474-1A3956D46DE8}") = "src", "src", "{4EE80DA5-D937-46A9-BB7B-B6833EDEE00C}"
EndProject
Project("{2150E333-8FDC-42A3-9474-1A3956D46DE8}") = "searchservice", "searchservice", "{848F6355-C039-4703-AA30-780581DF11B7}"
EndProject
Project("{2150E333-8FDC-42A3-9474-1A3956D46DE8}") = "Infrastructure", "Infrastructure", "{BF823F51-F50C-44F5-98D7-A5BAE432423F}"
EndProject
Project("{2150E333-8FDC-42A3-9474-1A3956D46DE8}") = "Presentation", "Presentation", "{F3BF5DA5-8AB2-4A77-9C0B-58D0CAFFC6C9}"
EndProject
Project("{9A19103F-16F7-4668-BE54-9A1E7A4F7556}") = "GoSharper.Domain", "src\searchservice\GoSharper.Domain\GoSharper.Domain.csproj", "{9F7EAD0D-5936-4E00-A11D-EC91A1878998}"
EndProject
Project("{9A19103F-16F7-4668-BE54-9A1E7A4F7556}") = "GoSharper.Infrastructure", "src\searchservice\GoSharper.Infrastructure\GoSharper.Infrastructure.csproj", "{4B2A891C-2209-4D8B-9CDF-80428249AC00}"
EndProject
Project("{9A19103F-16F7-4668-BE54-9A1E7A4F7556}") = "GoSharper.WebApi", "src\searchservice\GoSharper.WebApi\GoSharper.WebApi.csproj", "{E7464386-4FF4-4A87-80A8-578DA60B8EA6}"
EndProject
Project("{9A19103F-16F7-4668-BE54-9A1E7A4F7556}") = "GoSharper.WebApi.Core", "src\searchservice\GoSharper.WebApi.Core\GoSharper.WebApi.Core.csproj", "{8728B679-FB61-479C-ACA6-AC0C6C2B2608}"
EndProject
Global
	GlobalSection(SolutionConfigurationPlatforms) = preSolution
		Debug|Any CPU = Debug|Any CPU
		Release|Any CPU = Release|Any CPU
	EndGlobalSection
	GlobalSection(ProjectConfigurationPlatforms) = postSolution
		{9F7EAD0D-5936-4E00-A11D-EC91A1878998}.Debug|Any CPU.ActiveCfg = Debug|Any CPU
		{9F7EAD0D-5936-4E00-A11D-EC91A1878998}.Debug|Any CPU.Build.0 = Debug|Any CPU
		{9F7EAD0D-5936-4E00-A11D-EC91A1878998}.Release|Any CPU.ActiveCfg = Release|Any CPU
		{9F7EAD0D-5936-4E00-A11D-EC91A1878998}.Release|Any CPU.Build.0 = Release|Any CPU
		{4B2A891C-2209-4D8B-9CDF-80428249AC00}.Debug|Any CPU.ActiveCfg = Debug|Any CPU
		{4B2A891C-2209-4D8B-9CDF-80428249AC00}.Debug|Any CPU.Build.0 = Debug|Any CPU
		{4B2A891C-2209-4D8B-9CDF-80428249AC00}.Release|Any CPU.ActiveCfg = Release|Any CPU
		{4B2A891C-2209-4D8B-9CDF-80428249AC00}.Release|Any CPU.Build.0 = Release|Any CPU
		{E7464386-4FF4-4A87-80A8-578DA60B8EA6}.Debug|Any CPU.ActiveCfg = Debug|Any CPU
		{E7464386-4FF4-4A87-80A8-578DA60B8EA6}.Debug|Any CPU.Build.0 = Debug|Any CPU
		{E7464386-4FF4-4A87-80A8-578DA60B8EA6}.Release|Any CPU.ActiveCfg = Release|Any CPU
		{E7464386-4FF4-4A87-80A8-578DA60B8EA6}.Release|Any CPU.Build.0 = Release|Any CPU
		{8728B679-FB61-479C-ACA6-AC0C6C2B2608}.Debug|Any CPU.ActiveCfg = Debug|Any CPU
		{8728B679-FB61-479C-ACA6-AC0C6C2B2608}.Debug|Any CPU.Build.0 = Debug|Any CPU
		{8728B679-FB61-479C-ACA6-AC0C6C2B2608}.Release|Any CPU.ActiveCfg = Release|Any CPU
		{8728B679-FB61-479C-ACA6-AC0C6C2B2608}.Release|Any CPU.Build.0 = Release|Any CPU
	EndGlobalSection
	GlobalSection(SolutionProperties) = preSolution
		HideSolutionNode = FALSE
	EndGlobalSection
	GlobalSection(NestedProjects) = preSolution
		{848F6355-C039-4703-AA30-780581DF11B7} = {4EE80DA5-D937-46A9-BB7B-B6833EDEE00C}
		{BF823F51-F50C-44F5-98D7-A5BAE432423F} = {848F6355-C039-4703-AA30-780581DF11B7}
		{F3BF5DA5-8AB2-4A77-9C0B-58D0CAFFC6C9} = {848F6355-C039-4703-AA30-780581DF11B7}
		{9F7EAD0D-5936-4E00-A11D-EC91A1878998} = {BF823F51-F50C-44F5-98D7-A5BAE432423F}
		{4B2A891C-2209-4D8B-9CDF-80428249AC00} = {BF823F51-F50C-44F5-98D7-A5BAE432423F}
		{E7464386-4FF4-4A87-80A8-578DA60B8EA6} = {F3BF5DA5-8AB2-4A77-9C0B-58D0CAFFC6C9}
		{8728B679-FB61-479C-ACA6-AC0C6C2B2608} = {F3BF5DA5-8AB2-4A77-9C0B-58D0CAFFC6C9}
	EndGlobalSection
	GlobalSection(ExtensibilityGlobals) = postSolution
		SolutionGuid = {3B29BC01-BFFA-48ED-87CE-24037ACC490B}
	EndGlobalSection
EndGlobal
